
Microsoft Visual Studio Solution File, Format Version 12.00
# Visual Studio Version 17
VisualStudioVersion = 17.10.35122.118
MinimumVisualStudioVersion = 10.0.40219.1
Project("{FAE04EC0-301F-11D3-BF4B-00C04F79EFBC}") = "KonataIzumi", "KonataIzumi.csproj", "{A2A093E6-E8EF-4F24-830D-C7273C5750A7}"
EndProject
Global
	GlobalSection(SolutionConfigurationPlatforms) = preSolution
		Debug|Any CPU = Debug|Any CPU
		Release|Any CPU = Release|Any CPU
	EndGlobalSection
	GlobalSection(ProjectConfigurationPlatforms) = postSolution
		{A2A093E6-E8EF-4F24-830D-C7273C5750A7}.Debug|Any CPU.ActiveCfg = Release|Any CPU
		{A2A093E6-E8EF-4F24-830D-C7273C5750A7}.Debug|Any CPU.Build.0 = Release|Any CPU
		{A2A093E6-E8EF-4F24-830D-C7273C5750A7}.Release|Any CPU.ActiveCfg = Release|Any CPU
		{A2A093E6-E8EF-4F24-830D-C7273C5750A7}.Release|Any CPU.Build.0 = Release|Any CPU
	EndGlobalSection
	GlobalSection(SolutionProperties) = preSolution
		HideSolutionNode = FALSE
	EndGlobalSection
	GlobalSection(ExtensibilityGlobals) = postSolution
		SolutionGuid = {37304245-BE6C-4537-B1A4-3C0184CD5E33}
	EndGlobalSection
EndGlobal
